// !$*UTF8*$!
{
	archiveVersion = 1;
	classes = {
	};
	objectVersion = 50;
	objects = {

/* Begin PBXBuildFile section */
		1A9E01AE27528B0300EA173A /* AppDelegate.swift in Sources */ = {isa = PBXBuildFile; fileRef = 1A9E01AD27528B0300EA173A /* AppDelegate.swift */; };
		1A9E01B027528B0300EA173A /* SceneDelegate.swift in Sources */ = {isa = PBXBuildFile; fileRef = 1A9E01AF27528B0300EA173A /* SceneDelegate.swift */; };
		1A9E01B227528B0300EA173A /* ViewController.swift in Sources */ = {isa = PBXBuildFile; fileRef = 1A9E01B127528B0300EA173A /* ViewController.swift */; };
		1A9E01B527528B0300EA173A /* Main.storyboard in Resources */ = {isa = PBXBuildFile; fileRef = 1A9E01B327528B0300EA173A /* Main.storyboard */; };
		1A9E01B727528B0500EA173A /* Assets.xcassets in Resources */ = {isa = PBXBuildFile; fileRef = 1A9E01B627528B0500EA173A /* Assets.xcassets */; };
		1A9E01BA27528B0500EA173A /* LaunchScreen.storyboard in Resources */ = {isa = PBXBuildFile; fileRef = 1A9E01B827528B0500EA173A /* LaunchScreen.storyboard */; };
		1A9E01C527528B0500EA173A /* SimpleCalcultorTests.swift in Sources */ = {isa = PBXBuildFile; fileRef = 1A9E01C427528B0500EA173A /* SimpleCalcultorTests.swift */; };
		1A9E01D027528B0600EA173A /* SimpleCalcultorUITests.swift in Sources */ = {isa = PBXBuildFile; fileRef = 1A9E01CF27528B0600EA173A /* SimpleCalcultorUITests.swift */; };
/* End PBXBuildFile section */

/* Begin PBXContainerItemProxy section */
		1A9E01C127528B0500EA173A /* PBXContainerItemProxy */ = {
			isa = PBXContainerItemProxy;
			containerPortal = 1A9E01A227528B0300EA173A /* Project object */;
			proxyType = 1;
			remoteGlobalIDString = 1A9E01A927528B0300EA173A;
			remoteInfo = SimpleCalcultor;
		};
		1A9E01CC27528B0600EA173A /* PBXContainerItemProxy */ = {
			isa = PBXContainerItemProxy;
			containerPortal = 1A9E01A227528B0300EA173A /* Project object */;
			proxyType = 1;
			remoteGlobalIDString = 1A9E01A927528B0300EA173A;
			remoteInfo = SimpleCalcultor;
		};
/* End PBXContainerItemProxy section */

/* Begin PBXFileReference section */
		1A9E01AA27528B0300EA173A /* SimpleCalcultor.app */ = {isa = PBXFileReference; explicitFileType = wrapper.application; includeInIndex = 0; path = SimpleCalcultor.app; sourceTree = BUILT_PRODUCTS_DIR; };
		1A9E01AD27528B0300EA173A /* AppDelegate.swift */ = {isa = PBXFileReference; lastKnownFileType = sourcecode.swift; path = AppDelegate.swift; sourceTree = "<group>"; };
		1A9E01AF27528B0300EA173A /* SceneDelegate.swift */ = {isa = PBXFileReference; lastKnownFileType = sourcecode.swift; path = SceneDelegate.swift; sourceTree = "<group>"; };
		1A9E01B127528B0300EA173A /* ViewController.swift */ = {isa = PBXFileReference; lastKnownFileType = sourcecode.swift; path = ViewController.swift; sourceTree = "<group>"; };
		1A9E01B427528B0300EA173A /* Base */ = {isa = PBXFileReference; lastKnownFileType = file.storyboard; name = Base; path = Base.lproj/Main.storyboard; sourceTree = "<group>"; };
		1A9E01B627528B0500EA173A /* Assets.xcassets */ = {isa = PBXFileReference; lastKnownFileType = folder.assetcatalog; path = Assets.xcassets; sourceTree = "<group>"; };
		1A9E01B927528B0500EA173A /* Base */ = {isa = PBXFileReference; lastKnownFileType = file.storyboard; name = Base; path = Base.lproj/LaunchScreen.storyboard; sourceTree = "<group>"; };
		1A9E01BB27528B0500EA173A /* Info.plist */ = {isa = PBXFileReference; lastKnownFileType = text.plist.xml; path = Info.plist; sourceTree = "<group>"; };
		1A9E01C027528B0500EA173A /* SimpleCalcultorTests.xctest */ = {isa = PBXFileReference; explicitFileType = wrapper.cfbundle; includeInIndex = 0; path = SimpleCalcultorTests.xctest; sourceTree = BUILT_PRODUCTS_DIR; };
		1A9E01C427528B0500EA173A /* SimpleCalcultorTests.swift */ = {isa = PBXFileReference; lastKnownFileType = sourcecode.swift; path = SimpleCalcultorTests.swift; sourceTree = "<group>"; };
		1A9E01C627528B0500EA173A /* Info.plist */ = {isa = PBXFileReference; lastKnownFileType = text.plist.xml; path = Info.plist; sourceTree = "<group>"; };
		1A9E01CB27528B0600EA173A /* SimpleCalcultorUITests.xctest */ = {isa = PBXFileReference; explicitFileType = wrapper.cfbundle; includeInIndex = 0; path = SimpleCalcultorUITests.xctest; sourceTree = BUILT_PRODUCTS_DIR; };
		1A9E01CF27528B0600EA173A /* SimpleCalcultorUITests.swift */ = {isa = PBXFileReference; lastKnownFileType = sourcecode.swift; path = SimpleCalcultorUITests.swift; sourceTree = "<group>"; };
		1A9E01D127528B0600EA173A /* Info.plist */ = {isa = PBXFileReference; lastKnownFileType = text.plist.xml; path = Info.plist; sourceTree = "<group>"; };
/* End PBXFileReference section */

/* Begin PBXFrameworksBuildPhase section */
		1A9E01A727528B0300EA173A /* Frameworks */ = {
			isa = PBXFrameworksBuildPhase;
			buildActionMask = 2147483647;
			files = (
			);
			runOnlyForDeploymentPostprocessing = 0;
		};
		1A9E01BD27528B0500EA173A /* Frameworks */ = {
			isa = PBXFrameworksBuildPhase;
			buildActionMask = 2147483647;
			files = (
			);
			runOnlyForDeploymentPostprocessing = 0;
		};
		1A9E01C827528B0600EA173A /* Frameworks */ = {
			isa = PBXFrameworksBuildPhase;
			buildActionMask = 2147483647;
			files = (
			);
			runOnlyForDeploymentPostprocessing = 0;
		};
/* End PBXFrameworksBuildPhase section */

/* Begin PBXGroup section */
		1A9E01A127528B0300EA173A = {
			isa = PBXGroup;
			children = (
				1A9E01AC27528B0300EA173A /* SimpleCalcultor */,
				1A9E01C327528B0500EA173A /* SimpleCalcultorTests */,
				1A9E01CE27528B0600EA173A /* SimpleCalcultorUITests */,
				1A9E01AB27528B0300EA173A /* Products */,
			);
			sourceTree = "<group>";
		};
		1A9E01AB27528B0300EA173A /* Products */ = {
			isa = PBXGroup;
			children = (
				1A9E01AA27528B0300EA173A /* SimpleCalcultor.app */,
				1A9E01C027528B0500EA173A /* SimpleCalcultorTests.xctest */,
				1A9E01CB27528B0600EA173A /* SimpleCalcultorUITests.xctest */,
			);
			name = Products;
			sourceTree = "<group>";
		};
		1A9E01AC27528B0300EA173A /* SimpleCalcultor */ = {
			isa = PBXGroup;
			children = (
				1A9E01AD27528B0300EA173A /* AppDelegate.swift */,
				1A9E01AF27528B0300EA173A /* SceneDelegate.swift */,
				1A9E01B127528B0300EA173A /* ViewController.swift */,
				1A9E01B327528B0300EA173A /* Main.storyboard */,
				1A9E01B627528B0500EA173A /* Assets.xcassets */,
				1A9E01B827528B0500EA173A /* LaunchScreen.storyboard */,
				1A9E01BB27528B0500EA173A /* Info.plist */,
			);
			path = SimpleCalcultor;
			sourceTree = "<group>";
		};
		1A9E01C327528B0500EA173A /* SimpleCalcultorTests */ = {
			isa = PBXGroup;
			children = (
				1A9E01C427528B0500EA173A /* SimpleCalcultorTests.swift */,
				1A9E01C627528B0500EA173A /* Info.plist */,
			);
			path = SimpleCalcultorTests;
			sourceTree = "<group>";
		};
		1A9E01CE27528B0600EA173A /* SimpleCalcultorUITests */ = {
			isa = PBXGroup;
			children = (
				1A9E01CF27528B0600EA173A /* SimpleCalcultorUITests.swift */,
				1A9E01D127528B0600EA173A /* Info.plist */,
			);
			path = SimpleCalcultorUITests;
			sourceTree = "<group>";
		};
/* End PBXGroup section */

/* Begin PBXNativeTarget section */
		1A9E01A927528B0300EA173A /* SimpleCalcultor */ = {
			isa = PBXNativeTarget;
			buildConfigurationList = 1A9E01D427528B0600EA173A /* Build configuration list for PBXNativeTarget "SimpleCalcultor" */;
			buildPhases = (
				1A9E01A627528B0300EA173A /* Sources */,
				1A9E01A727528B0300EA173A /* Frameworks */,
				1A9E01A827528B0300EA173A /* Resources */,
			);
			buildRules = (
			);
			dependencies = (
			);
			name = SimpleCalcultor;
			productName = SimpleCalcultor;
			productReference = 1A9E01AA27528B0300EA173A /* SimpleCalcultor.app */;
			productType = "com.apple.product-type.application";
		};
		1A9E01BF27528B0500EA173A /* SimpleCalcultorTests */ = {
			isa = PBXNativeTarget;
			buildConfigurationList = 1A9E01D727528B0600EA173A /* Build configuration list for PBXNativeTarget "SimpleCalcultorTests" */;
			buildPhases = (
				1A9E01BC27528B0500EA173A /* Sources */,
				1A9E01BD27528B0500EA173A /* Frameworks */,
				1A9E01BE27528B0500EA173A /* Resources */,
			);
			buildRules = (
			);
			dependencies = (
				1A9E01C227528B0500EA173A /* PBXTargetDependency */,
			);
			name = SimpleCalcultorTests;
			productName = SimpleCalcultorTests;
			productReference = 1A9E01C027528B0500EA173A /* SimpleCalcultorTests.xctest */;
			productType = "com.apple.product-type.bundle.unit-test";
		};
		1A9E01CA27528B0600EA173A /* SimpleCalcultorUITests */ = {
			isa = PBXNativeTarget;
			buildConfigurationList = 1A9E01DA27528B0600EA173A /* Build configuration list for PBXNativeTarget "SimpleCalcultorUITests" */;
			buildPhases = (
				1A9E01C727528B0600EA173A /* Sources */,
				1A9E01C827528B0600EA173A /* Frameworks */,
				1A9E01C927528B0600EA173A /* Resources */,
			);
			buildRules = (
			);
			dependencies = (
				1A9E01CD27528B0600EA173A /* PBXTargetDependency */,
			);
			name = SimpleCalcultorUITests;
			productName = SimpleCalcultorUITests;
			productReference = 1A9E01CB27528B0600EA173A /* SimpleCalcultorUITests.xctest */;
			productType = "com.apple.product-type.bundle.ui-testing";
		};
/* End PBXNativeTarget section */

/* Begin PBXProject section */
		1A9E01A227528B0300EA173A /* Project object */ = {
			isa = PBXProject;
			attributes = {
				LastSwiftUpdateCheck = 1250;
				LastUpgradeCheck = 1250;
				TargetAttributes = {
					1A9E01A927528B0300EA173A = {
						CreatedOnToolsVersion = 12.5;
					};
					1A9E01BF27528B0500EA173A = {
						CreatedOnToolsVersion = 12.5;
						TestTargetID = 1A9E01A927528B0300EA173A;
					};
					1A9E01CA27528B0600EA173A = {
						CreatedOnToolsVersion = 12.5;
						TestTargetID = 1A9E01A927528B0300EA173A;
					};
				};
			};
			buildConfigurationList = 1A9E01A527528B0300EA173A /* Build configuration list for PBXProject "SimpleCalcultor" */;
			compatibilityVersion = "Xcode 9.3";
			developmentRegion = en;
			hasScannedForEncodings = 0;
			knownRegions = (
				en,
				Base,
			);
			mainGroup = 1A9E01A127528B0300EA173A;
			productRefGroup = 1A9E01AB27528B0300EA173A /* Products */;
			projectDirPath = "";
			projectRoot = "";
			targets = (
				1A9E01A927528B0300EA173A /* SimpleCalcultor */,
				1A9E01BF27528B0500EA173A /* SimpleCalcultorTests */,
				1A9E01CA27528B0600EA173A /* SimpleCalcultorUITests */,
			);
		};
/* End PBXProject section */

/* Begin PBXResourcesBuildPhase section */
		1A9E01A827528B0300EA173A /* Resources */ = {
			isa = PBXResourcesBuildPhase;
			buildActionMask = 2147483647;
			files = (
				1A9E01BA27528B0500EA173A /* LaunchScreen.storyboard in Resources */,
				1A9E01B727528B0500EA173A /* Assets.xcassets in Resources */,
				1A9E01B527528B0300EA173A /* Main.storyboard in Resources */,
			);
			runOnlyForDeploymentPostprocessing = 0;
		};
		1A9E01BE27528B0500EA173A /* Resources */ = {
			isa = PBXResourcesBuildPhase;
			buildActionMask = 2147483647;
			files = (
			);
			runOnlyForDeploymentPostprocessing = 0;
		};
		1A9E01C927528B0600EA173A /* Resources */ = {
			isa = PBXResourcesBuildPhase;
			buildActionMask = 2147483647;
			files = (
			);
			runOnlyForDeploymentPostprocessing = 0;
		};
/* End PBXResourcesBuildPhase section */

/* Begin PBXSourcesBuildPhase section */
		1A9E01A627528B0300EA173A /* Sources */ = {
			isa = PBXSourcesBuildPhase;
			buildActionMask = 2147483647;
			files = (
				1A9E01B227528B0300EA173A /* ViewController.swift in Sources */,
				1A9E01AE27528B0300EA173A /* AppDelegate.swift in Sources */,
				1A9E01B027528B0300EA173A /* SceneDelegate.swift in Sources */,
			);
			runOnlyForDeploymentPostprocessing = 0;
		};
		1A9E01BC27528B0500EA173A /* Sources */ = {
			isa = PBXSourcesBuildPhase;
			buildActionMask = 2147483647;
			files = (
				1A9E01C527528B0500EA173A /* SimpleCalcultorTests.swift in Sources */,
			);
			runOnlyForDeploymentPostprocessing = 0;
		};
		1A9E01C727528B0600EA173A /* Sources */ = {
			isa = PBXSourcesBuildPhase;
			buildActionMask = 2147483647;
			files = (
				1A9E01D027528B0600EA173A /* SimpleCalcultorUITests.swift in Sources */,
			);
			runOnlyForDeploymentPostprocessing = 0;
		};
/* End PBXSourcesBuildPhase section */

/* Begin PBXTargetDependency section */
		1A9E01C227528B0500EA173A /* PBXTargetDependency */ = {
			isa = PBXTargetDependency;
			target = 1A9E01A927528B0300EA173A /* SimpleCalcultor */;
			targetProxy = 1A9E01C127528B0500EA173A /* PBXContainerItemProxy */;
		};
		1A9E01CD27528B0600EA173A /* PBXTargetDependency */ = {
			isa = PBXTargetDependency;
			target = 1A9E01A927528B0300EA173A /* SimpleCalcultor */;
			targetProxy = 1A9E01CC27528B0600EA173A /* PBXContainerItemProxy */;
		};
/* End PBXTargetDependency section */

/* Begin PBXVariantGroup section */
		1A9E01B327528B0300EA173A /* Main.storyboard */ = {
			isa = PBXVariantGroup;
			children = (
				1A9E01B427528B0300EA173A /* Base */,
			);
			name = Main.storyboard;
			sourceTree = "<group>";
		};
		1A9E01B827528B0500EA173A /* LaunchScreen.storyboard */ = {
			isa = PBXVariantGroup;
			children = (
				1A9E01B927528B0500EA173A /* Base */,
			);
			name = LaunchScreen.storyboard;
			sourceTree = "<group>";
		};
/* End PBXVariantGroup section */

/* Begin XCBuildConfiguration section */
		1A9E01D227528B0600EA173A /* Debug */ = {
			isa = XCBuildConfiguration;
			buildSettings = {
				ALWAYS_SEARCH_USER_PATHS = NO;
				CLANG_ANALYZER_NONNULL = YES;
				CLANG_ANALYZER_NUMBER_OBJECT_CONVERSION = YES_AGGRESSIVE;
				CLANG_CXX_LANGUAGE_STANDARD = "gnu++14";
				CLANG_CXX_LIBRARY = "libc++";
				CLANG_ENABLE_MODULES = YES;
				CLANG_ENABLE_OBJC_ARC = YES;
				CLANG_ENABLE_OBJC_WEAK = YES;
				CLANG_WARN_BLOCK_CAPTURE_AUTORELEASING = YES;
				CLANG_WARN_BOOL_CONVERSION = YES;
				CLANG_WARN_COMMA = YES;
				CLANG_WARN_CONSTANT_CONVERSION = YES;
				CLANG_WARN_DEPRECATED_OBJC_IMPLEMENTATIONS = YES;
				CLANG_WARN_DIRECT_OBJC_ISA_USAGE = YES_ERROR;
				CLANG_WARN_DOCUMENTATION_COMMENTS = YES;
				CLANG_WARN_EMPTY_BODY = YES;
				CLANG_WARN_ENUM_CONVERSION = YES;
				CLANG_WARN_INFINITE_RECURSION = YES;
				CLANG_WARN_INT_CONVERSION = YES;
				CLANG_WARN_NON_LITERAL_NULL_CONVERSION = YES;
				CLANG_WARN_OBJC_IMPLICIT_RETAIN_SELF = YES;
				CLANG_WARN_OBJC_LITERAL_CONVERSION = YES;
				CLANG_WARN_OBJC_ROOT_CLASS = YES_ERROR;
				CLANG_WARN_QUOTED_INCLUDE_IN_FRAMEWORK_HEADER = YES;
				CLANG_WARN_RANGE_LOOP_ANALYSIS = YES;
				CLANG_WARN_STRICT_PROTOTYPES = YES;
				CLANG_WARN_SUSPICIOUS_MOVE = YES;
				CLANG_WARN_UNGUARDED_AVAILABILITY = YES_AGGRESSIVE;
				CLANG_WARN_UNREACHABLE_CODE = YES;
				CLANG_WARN__DUPLICATE_METHOD_MATCH = YES;
				COPY_PHASE_STRIP = NO;
				DEBUG_INFORMATION_FORMAT = dwarf;
				ENABLE_STRICT_OBJC_MSGSEND = YES;
				ENABLE_TESTABILITY = YES;
				GCC_C_LANGUAGE_STANDARD = gnu11;
				GCC_DYNAMIC_NO_PIC = NO;
				GCC_NO_COMMON_BLOCKS = YES;
				GCC_OPTIMIZATION_LEVEL = 0;
				GCC_PREPROCESSOR_DEFINITIONS = (
					"DEBUG=1",
					"$(inherited)",
				);
				GCC_WARN_64_TO_32_BIT_CONVERSION = YES;
				GCC_WARN_ABOUT_RETURN_TYPE = YES_ERROR;
				GCC_WARN_UNDECLARED_SELECTOR = YES;
				GCC_WARN_UNINITIALIZED_AUTOS = YES_AGGRESSIVE;
				GCC_WARN_UNUSED_FUNCTION = YES;
				GCC_WARN_UNUSED_VARIABLE = YES;
				IPHONEOS_DEPLOYMENT_TARGET = 14.5;
				MTL_ENABLE_DEBUG_INFO = INCLUDE_SOURCE;
				MTL_FAST_MATH = YES;
				ONLY_ACTIVE_ARCH = YES;
				SDKROOT = iphoneos;
				SWIFT_ACTIVE_COMPILATION_CONDITIONS = DEBUG;
				SWIFT_OPTIMIZATION_LEVEL = "-Onone";
			};
			name = Debug;
		};
		1A9E01D327528B0600EA173A /* Release */ = {
			isa = XCBuildConfiguration;
			buildSettings = {
				ALWAYS_SEARCH_USER_PATHS = NO;
				CLANG_ANALYZER_NONNULL = YES;
				CLANG_ANALYZER_NUMBER_OBJECT_CONVERSION = YES_AGGRESSIVE;
				CLANG_CXX_LANGUAGE_STANDARD = "gnu++14";
				CLANG_CXX_LIBRARY = "libc++";
				CLANG_ENABLE_MODULES = YES;
				CLANG_ENABLE_OBJC_ARC = YES;
				CLANG_ENABLE_OBJC_WEAK = YES;
				CLANG_WARN_BLOCK_CAPTURE_AUTORELEASING = YES;
				CLANG_WARN_BOOL_CONVERSION = YES;
				CLANG_WARN_COMMA = YES;
				CLANG_WARN_CONSTANT_CONVERSION = YES;
				CLANG_WARN_DEPRECATED_OBJC_IMPLEMENTATIONS = YES;
				CLANG_WARN_DIRECT_OBJC_ISA_USAGE = YES_ERROR;
				CLANG_WARN_DOCUMENTATION_COMMENTS = YES;
				CLANG_WARN_EMPTY_BODY = YES;
				CLANG_WARN_ENUM_CONVERSION = YES;
				CLANG_WARN_INFINITE_RECURSION = YES;
				CLANG_WARN_INT_CONVERSION = YES;
				CLANG_WARN_NON_LITERAL_NULL_CONVERSION = YES;
				CLANG_WARN_OBJC_IMPLICIT_RETAIN_SELF = YES;
				CLANG_WARN_OBJC_LITERAL_CONVERSION = YES;
				CLANG_WARN_OBJC_ROOT_CLASS = YES_ERROR;
				CLANG_WARN_QUOTED_INCLUDE_IN_FRAMEWORK_HEADER = YES;
				CLANG_WARN_RANGE_LOOP_ANALYSIS = YES;
				CLANG_WARN_STRICT_PROTOTYPES = YES;
				CLANG_WARN_SUSPICIOUS_MOVE = YES;
				CLANG_WARN_UNGUARDED_AVAILABILITY = YES_AGGRESSIVE;
				CLANG_WARN_UNREACHABLE_CODE = YES;
				CLANG_WARN__DUPLICATE_METHOD_MATCH = YES;
				COPY_PHASE_STRIP = NO;
				DEBUG_INFORMATION_FORMAT = "dwarf-with-dsym";
				ENABLE_NS_ASSERTIONS = NO;
				ENABLE_STRICT_OBJC_MSGSEND = YES;
				GCC_C_LANGUAGE_STANDARD = gnu11;
				GCC_NO_COMMON_BLOCKS = YES;
				GCC_WARN_64_TO_32_BIT_CONVERSION = YES;
				GCC_WARN_ABOUT_RETURN_TYPE = YES_ERROR;
				GCC_WARN_UNDECLARED_SELECTOR = YES;
				GCC_WARN_UNINITIALIZED_AUTOS = YES_AGGRESSIVE;
				GCC_WARN_UNUSED_FUNCTION = YES;
				GCC_WARN_UNUSED_VARIABLE = YES;
				IPHONEOS_DEPLOYMENT_TARGET = 14.5;
				MTL_ENABLE_DEBUG_INFO = NO;
				MTL_FAST_MATH = YES;
				SDKROOT = iphoneos;
				SWIFT_COMPILATION_MODE = wholemodule;
				SWIFT_OPTIMIZATION_LEVEL = "-O";
				VALIDATE_PRODUCT = YES;
			};
			name = Release;
		};
		1A9E01D527528B0600EA173A /* Debug */ = {
			isa = XCBuildConfiguration;
			buildSettings = {
				ASSETCATALOG_COMPILER_APPICON_NAME = AppIcon;
				ASSETCATALOG_COMPILER_GLOBAL_ACCENT_COLOR_NAME = AccentColor;
				CODE_SIGN_STYLE = Automatic;
				INFOPLIST_FILE = SimpleCalcultor/Info.plist;
				LD_RUNPATH_SEARCH_PATHS = (
					"$(inherited)",
					"@executable_path/Frameworks",
				);
				PRODUCT_BUNDLE_IDENTIFIER = com.gk.SimpleCalcultor;
				PRODUCT_NAME = "$(TARGET_NAME)";
				SWIFT_VERSION = 5.0;
				TARGETED_DEVICE_FAMILY = "1,2";
			};
			name = Debug;
		};
		1A9E01D627528B0600EA173A /* Release */ = {
			isa = XCBuildConfiguration;
			buildSettings = {
				ASSETCATALOG_COMPILER_APPICON_NAME = AppIcon;
				ASSETCATALOG_COMPILER_GLOBAL_ACCENT_COLOR_NAME = AccentColor;
				CODE_SIGN_STYLE = Automatic;
				INFOPLIST_FILE = SimpleCalcultor/Info.plist;
				LD_RUNPATH_SEARCH_PATHS = (
					"$(inherited)",
					"@executable_path/Frameworks",
				);
				PRODUCT_BUNDLE_IDENTIFIER = com.gk.SimpleCalcultor;
				PRODUCT_NAME = "$(TARGET_NAME)";
				SWIFT_VERSION = 5.0;
				TARGETED_DEVICE_FAMILY = "1,2";
			};
			name = Release;
		};
		1A9E01D827528B0600EA173A /* Debug */ = {
			isa = XCBuildConfiguration;
			buildSettings = {
				ALWAYS_EMBED_SWIFT_STANDARD_LIBRARIES = YES;
				BUNDLE_LOADER = "$(TEST_HOST)";
				CODE_SIGN_STYLE = Automatic;
				INFOPLIST_FILE = SimpleCalcultorTests/Info.plist;
				IPHONEOS_DEPLOYMENT_TARGET = 14.5;
				LD_RUNPATH_SEARCH_PATHS = (
					"$(inherited)",
					"@executable_path/Frameworks",
					"@loader_path/Frameworks",
				);
				PRODUCT_BUNDLE_IDENTIFIER = com.gk.SimpleCalcultorTests;
				PRODUCT_NAME = "$(TARGET_NAME)";
				SWIFT_VERSION = 5.0;
				TARGETED_DEVICE_FAMILY = "1,2";
				TEST_HOST = "$(BUILT_PRODUCTS_DIR)/SimpleCalcultor.app/SimpleCalcultor";
			};
			name = Debug;
		};
		1A9E01D927528B0600EA173A /* Release */ = {
			isa = XCBuildConfiguration;
			buildSettings = {
				ALWAYS_EMBED_SWIFT_STANDARD_LIBRARIES = YES;
				BUNDLE_LOADER = "$(TEST_HOST)";
				CODE_SIGN_STYLE = Automatic;
				INFOPLIST_FILE = SimpleCalcultorTests/Info.plist;
				IPHONEOS_DEPLOYMENT_TARGET = 14.5;
				LD_RUNPATH_SEARCH_PATHS = (
					"$(inherited)",
					"@executable_path/Frameworks",
					"@loader_path/Frameworks",
				);
				PRODUCT_BUNDLE_IDENTIFIER = com.gk.SimpleCalcultorTests;
				PRODUCT_NAME = "$(TARGET_NAME)";
				SWIFT_VERSION = 5.0;
				TARGETED_DEVICE_FAMILY = "1,2";
				TEST_HOST = "$(BUILT_PRODUCTS_DIR)/SimpleCalcultor.app/SimpleCalcultor";
			};
			name = Release;
		};
		1A9E01DB27528B0600EA173A /* Debug */ = {
			isa = XCBuildConfiguration;
			buildSettings = {
				ALWAYS_EMBED_SWIFT_STANDARD_LIBRARIES = YES;
				CODE_SIGN_STYLE = Automatic;
				INFOPLIST_FILE = SimpleCalcultorUITests/Info.plist;
				LD_RUNPATH_SEARCH_PATHS = (
					"$(inherited)",
					"@executable_path/Frameworks",
					"@loader_path/Frameworks",
				);
				PRODUCT_BUNDLE_IDENTIFIER = com.gk.SimpleCalcultorUITests;
				PRODUCT_NAME = "$(TARGET_NAME)";
				SWIFT_VERSION = 5.0;
				TARGETED_DEVICE_FAMILY = "1,2";
				TEST_TARGET_NAME = SimpleCalcultor;
			};
			name = Debug;
		};
		1A9E01DC27528B0600EA173A /* Release */ = {
			isa = XCBuildConfiguration;
			buildSettings = {
				ALWAYS_EMBED_SWIFT_STANDARD_LIBRARIES = YES;
				CODE_SIGN_STYLE = Automatic;
				INFOPLIST_FILE = SimpleCalcultorUITests/Info.plist;
				LD_RUNPATH_SEARCH_PATHS = (
					"$(inherited)",
					"@executable_path/Frameworks",
					"@loader_path/Frameworks",
				);
				PRODUCT_BUNDLE_IDENTIFIER = com.gk.SimpleCalcultorUITests;
				PRODUCT_NAME = "$(TARGET_NAME)";
				SWIFT_VERSION = 5.0;
				TARGETED_DEVICE_FAMILY = "1,2";
				TEST_TARGET_NAME = SimpleCalcultor;
			};
			name = Release;
		};
/* End XCBuildConfiguration section */

/* Begin XCConfigurationList section */
		1A9E01A527528B0300EA173A /* Build configuration list for PBXProject "SimpleCalcultor" */ = {
			isa = XCConfigurationList;
			buildConfigurations = (
				1A9E01D227528B0600EA173A /* Debug */,
				1A9E01D327528B0600EA173A /* Release */,
			);
			defaultConfigurationIsVisible = 0;
			defaultConfigurationName = Release;
		};
		1A9E01D427528B0600EA173A /* Build configuration list for PBXNativeTarget "SimpleCalcultor" */ = {
			isa = XCConfigurationList;
			buildConfigurations = (
				1A9E01D527528B0600EA173A /* Debug */,
				1A9E01D627528B0600EA173A /* Release */,
			);
			defaultConfigurationIsVisible = 0;
			defaultConfigurationName = Release;
		};
		1A9E01D727528B0600EA173A /* Build configuration list for PBXNativeTarget "SimpleCalcultorTests" */ = {
			isa = XCConfigurationList;
			buildConfigurations = (
				1A9E01D827528B0600EA173A /* Debug */,
				1A9E01D927528B0600EA173A /* Release */,
			);
			defaultConfigurationIsVisible = 0;
			defaultConfigurationName = Release;
		};
		1A9E01DA27528B0600EA173A /* Build configuration list for PBXNativeTarget "SimpleCalcultorUITests" */ = {
			isa = XCConfigurationList;
			buildConfigurations = (
				1A9E01DB27528B0600EA173A /* Debug */,
				1A9E01DC27528B0600EA173A /* Release */,
			);
			defaultConfigurationIsVisible = 0;
			defaultConfigurationName = Release;
		};
/* End XCConfigurationList section */
	};
	rootObject = 1A9E01A227528B0300EA173A /* Project object */;
}
